{
  "version": 4,
  "terraform_version": "1.9.8",
  "serial": 6,
  "lineage": "",
  "outputs": {},
  "resources": [
    {
      "mode": "managed",
      "type": "local_file",
      "name": "kusion_example",
      "provider": "provider[\"registry.terraform.io/hashicorp/local\"]",
      "instances": [
        {
          "schema_version": 0,
          "attributes": {
            "content": "kusion",
            "content_base64": null,
            "directory_permission": "0777",
            "file_permission": "0777",
            "filename": "test.txt",
            "id": "85761fae2f750c5501abd25a67358276d0592323",
            "sensitive_content": null,
            "source": null
          },
          "sensitive_attributes": [
            [
              {
                "type": "get_attr",
                "value": "sensitive_content"
              }
            ]
          ],
          "private": "bnVsbA=="
        }
      ]
    }
  ],
  "check_results": null
}
